
Microsoft Visual Studio Solution File, Format Version 12.00
# Visual Studio Version 16
VisualStudioVersion = 16.0.31410.357
MinimumVisualStudioVersion = 10.0.40219.1
Project("{9A19103F-16F7-4668-BE54-9A1E7A4F7556}") = "LinkedList", "LinkedList\LinkedList.csproj", "{8A87A673-EB39-400B-9C2B-8BB7E3447F7E}"
EndProject
Project("{FAE04EC0-301F-11D3-BF4B-00C04F79EFBC}") = "LinkedList_Tests", "LinkedList_Tests\LinkedList_Tests.csproj", "{D234885D-37A2-4B5C-8B9C-AC6FD0E41D06}"
EndProject
Global
	GlobalSection(SolutionConfigurationPlatforms) = preSolution
		Debug|Any CPU = Debug|Any CPU
		Release|Any CPU = Release|Any CPU
	EndGlobalSection
	GlobalSection(ProjectConfigurationPlatforms) = postSolution
		{8A87A673-EB39-400B-9C2B-8BB7E3447F7E}.Debug|Any CPU.ActiveCfg = Debug|Any CPU
		{8A87A673-EB39-400B-9C2B-8BB7E3447F7E}.Debug|Any CPU.Build.0 = Debug|Any CPU
		{8A87A673-EB39-400B-9C2B-8BB7E3447F7E}.Release|Any CPU.ActiveCfg = Release|Any CPU
		{8A87A673-EB39-400B-9C2B-8BB7E3447F7E}.Release|Any CPU.Build.0 = Release|Any CPU
		{D234885D-37A2-4B5C-8B9C-AC6FD0E41D06}.Debug|Any CPU.ActiveCfg = Debug|Any CPU
		{D234885D-37A2-4B5C-8B9C-AC6FD0E41D06}.Debug|Any CPU.Build.0 = Debug|Any CPU
		{D234885D-37A2-4B5C-8B9C-AC6FD0E41D06}.Release|Any CPU.ActiveCfg = Release|Any CPU
		{D234885D-37A2-4B5C-8B9C-AC6FD0E41D06}.Release|Any CPU.Build.0 = Release|Any CPU
	EndGlobalSection
	GlobalSection(SolutionProperties) = preSolution
		HideSolutionNode = FALSE
	EndGlobalSection
	GlobalSection(ExtensibilityGlobals) = postSolution
		SolutionGuid = {CB6469D2-A88B-4125-8444-469496006729}
	EndGlobalSection
EndGlobal
